
Microsoft Visual Studio Solution File, Format Version 11.00
# Visual Studio 2010
Project("{FAE04EC0-301F-11D3-BF4B-00C04F79EFBC}") = "UltraQuest", "Assembly-CSharp.csproj", "{D3FBC6C5-A4B4-3F95-5FBA-210D713F8C75}"
EndProject
Project("{FAE04EC0-301F-11D3-BF4B-00C04F79EFBC}") = "UltraQuest", "Assembly-CSharp-Editor.csproj", "{42EBAB29-519F-E925-6456-7C77FC76CBAA}"
EndProject
Global
	GlobalSection(SolutionConfigurationPlatforms) = preSolution
		Debug|Any CPU = Debug|Any CPU
		Release|Any CPU = Release|Any CPU
	EndGlobalSection
	GlobalSection(ProjectConfigurationPlatforms) = postSolution
		{D3FBC6C5-A4B4-3F95-5FBA-210D713F8C75}.Debug|Any CPU.ActiveCfg = Debug|Any CPU
		{D3FBC6C5-A4B4-3F95-5FBA-210D713F8C75}.Debug|Any CPU.Build.0 = Debug|Any CPU
		{D3FBC6C5-A4B4-3F95-5FBA-210D713F8C75}.Release|Any CPU.ActiveCfg = Release|Any CPU
		{D3FBC6C5-A4B4-3F95-5FBA-210D713F8C75}.Release|Any CPU.Build.0 = Release|Any CPU
		{42EBAB29-519F-E925-6456-7C77FC76CBAA}.Debug|Any CPU.ActiveCfg = Debug|Any CPU
		{42EBAB29-519F-E925-6456-7C77FC76CBAA}.Debug|Any CPU.Build.0 = Debug|Any CPU
		{42EBAB29-519F-E925-6456-7C77FC76CBAA}.Release|Any CPU.ActiveCfg = Release|Any CPU
		{42EBAB29-519F-E925-6456-7C77FC76CBAA}.Release|Any CPU.Build.0 = Release|Any CPU
	EndGlobalSection
	GlobalSection(SolutionProperties) = preSolution
		HideSolutionNode = FALSE
	EndGlobalSection
	GlobalSection(MonoDevelopProperties) = preSolution
		StartupItem = Assembly-CSharp.csproj
	EndGlobalSection
EndGlobal
